
Microsoft Visual Studio Solution File, Format Version 12.00
# Visual Studio Version 17
VisualStudioVersion = 17.5.33530.505
MinimumVisualStudioVersion = 10.0.40219.1
Project("{FAE04EC0-301F-11D3-BF4B-00C04F79EFBC}") = "practica1", "practica1\practica1.csproj", "{600C3E6E-F603-472C-B0DA-744609E4285C}"
EndProject
Global
	GlobalSection(SolutionConfigurationPlatforms) = preSolution
		Debug|Any CPU = Debug|Any CPU
		Release|Any CPU = Release|Any CPU
	EndGlobalSection
	GlobalSection(ProjectConfigurationPlatforms) = postSolution
		{600C3E6E-F603-472C-B0DA-744609E4285C}.Debug|Any CPU.ActiveCfg = Debug|Any CPU
		{600C3E6E-F603-472C-B0DA-744609E4285C}.Debug|Any CPU.Build.0 = Debug|Any CPU
		{600C3E6E-F603-472C-B0DA-744609E4285C}.Release|Any CPU.ActiveCfg = Release|Any CPU
		{600C3E6E-F603-472C-B0DA-744609E4285C}.Release|Any CPU.Build.0 = Release|Any CPU
	EndGlobalSection
	GlobalSection(SolutionProperties) = preSolution
		HideSolutionNode = FALSE
	EndGlobalSection
	GlobalSection(ExtensibilityGlobals) = postSolution
		SolutionGuid = {371910D3-779E-46B2-9B41-B110AB57039E}
	EndGlobalSection
EndGlobal
